{
  "originHash" : "c071cd715def6e31adb07a6770d8678aacfd8e713f0573b355b21056a6adf5fa",
  "pins" : [
    {
      "identity" : "grdb.swift",
      "kind" : "remoteSourceControl",
      "location" : "https://github.com/groue/GRDB.swift.git",
      "state" : {
        "revision" : "2cf6c756e1e5ef6901ebae16576a7e4e4b834622",
        "version" : "6.29.3"
      }
    },
    {
      "identity" : "swift-syntax",
      "kind" : "remoteSourceControl",
      "location" : "https://github.com/swiftlang/swift-syntax.git",
      "state" : {
        "revision" : "4799286537280063c85a32f09884cfbca301b1a1",
        "version" : "602.0.0"
      }
    },
    {
      "identity" : "swiftdatasqlite",
      "kind" : "remoteSourceControl",
      "location" : "https://github.com/mateusrodriguesxyz/SwiftDataSQLite",
      "state" : {
        "branch" : "main",
        "revision" : "c17ff3e9eb6ce3f2a63c27239f148e455e748b78"
      }
    }
  ],
  "version" : 3
}
